
Microsoft Visual Studio Solution File, Format Version 12.00
# Visual Studio Version 17
VisualStudioVersion = 17.14.36310.24
MinimumVisualStudioVersion = 10.0.40219.1
Project("{2150E333-8FDC-42A3-9474-1A3956D46DE8}") = "solution Items", "solution Items", "{02EA681E-C7D8-13C7-8484-4AC65E1B71E8}"
	ProjectSection(SolutionItems) = preProject
		README.md = README.md
	EndProjectSection
EndProject
Project("{2150E333-8FDC-42A3-9474-1A3956D46DE8}") = "src", "src", "{7E366027-D18D-45C9-928C-D527C6271DC9}"
	ProjectSection(SolutionItems) = preProject
		Directory.Build.props = Directory.Build.props
		Directory.Packages.props = Directory.Packages.props
		src\PracticalWork.Reports\obj\Debug\net8.0\.NETCoreApp,Version = v8.0.AssemblyAttributes.cs = src\PracticalWork.Reports\obj\Debug\net8.0\.NETCoreApp,Version=v8.0.AssemblyAttributes.cs
	EndProjectSection
EndProject
Project("{2150E333-8FDC-42A3-9474-1A3956D46DE8}") = "utils", "utils", "{999738E3-D5B8-457F-A6E7-B17B77E400C6}"
EndProject
Project("{FAE04EC0-301F-11D3-BF4B-00C04F79EFBC}") = "PracticalWork.Library.Web", "src\PracticalWork.Library.Web\PracticalWork.Library.Web.csproj", "{9C6042AE-3313-484D-9918-28FB0C65AEFD}"
EndProject
Project("{FAE04EC0-301F-11D3-BF4B-00C04F79EFBC}") = "PracticalWork.Library", "src\PracticalWork.Library\PracticalWork.Library.csproj", "{2D3ED42B-B059-4C88-8359-70D3449AEFF4}"
EndProject
Project("{2150E333-8FDC-42A3-9474-1A3956D46DE8}") = "Infrastructure", "Infrastructure", "{5EF1ADE2-5A1C-434E-83B7-32EFF5DF0A11}"
EndProject
Project("{FAE04EC0-301F-11D3-BF4B-00C04F79EFBC}") = "PracticalWork.Library.Data.PostgreSql", "src\PracticalWork.Library.Data.PostgreSql\PracticalWork.Library.Data.PostgreSql.csproj", "{43E52C90-4B44-4AC3-8D07-C6BCA3EB9821}"
EndProject
Project("{FAE04EC0-301F-11D3-BF4B-00C04F79EFBC}") = "PracticalWork.Library.Data.PostgreSql.Migrator", "utils\PracticalWork.Library.Data.PostgreSql.Migrator\PracticalWork.Library.Data.PostgreSql.Migrator.csproj", "{14D2A192-C01B-4591-9D24-EFE4610C2FCC}"
EndProject
Project("{FAE04EC0-301F-11D3-BF4B-00C04F79EFBC}") = "PracticalWork.Library.Contracts", "src\PracticalWork.Library.Contracts\PracticalWork.Library.Contracts.csproj", "{B858E33C-8086-495E-903C-29E5D851D862}"
EndProject
Project("{FAE04EC0-301F-11D3-BF4B-00C04F79EFBC}") = "PracticalWork.Library.Controllers", "src\PracticalWork.Library.Controllers\PracticalWork.Library.Controllers.csproj", "{89172AFB-8BE5-424C-BDC9-BD11910588B3}"
EndProject
Project("{FAE04EC0-301F-11D3-BF4B-00C04F79EFBC}") = "PracticalWork.Library.Data.Minio", "src\PracticalWork.Library.Data.Minio\PracticalWork.Library.Data.Minio.csproj", "{049D739E-6948-41B4-9CD9-5EEDBC0AE7DB}"
EndProject
Project("{FAE04EC0-301F-11D3-BF4B-00C04F79EFBC}") = "PracticalWork.Library.Cache.Redis", "src\PracticalWork.Library.Cache.Redis\PracticalWork.Library.Cache.Redis.csproj", "{C340B6F8-F230-A5B4-337D-6191E887F844}"
EndProject
Project("{FAE04EC0-301F-11D3-BF4B-00C04F79EFBC}") = "PracticalWork.Library.MessageBroker.RabbitMQ", "src\PracticalWork.Library.MessageBroker.RabbitMQ\PracticalWork.Library.MessageBroker.RabbitMQ.csproj", "{CC1CF0CF-D419-4C6A-A8DD-5C6ABF49D9A5}"
EndProject
Project("{FAE04EC0-301F-11D3-BF4B-00C04F79EFBC}") = "PracticalWork.Reports", "src\PracticalWork.Reports\PracticalWork.Reports.csproj", "{A93ADD57-383B-4445-8DFF-6A637B571099}"
EndProject
Project("{FAE04EC0-301F-11D3-BF4B-00C04F79EFBC}") = "PracticalWork.Reports.Cache.Redis", "src\PracticalWork.Reports.Cache.Redis\PracticalWork.Reports.Cache.Redis.csproj", "{E70E7E1E-6CF3-4969-BAF9-C354100748E7}"
EndProject
Project("{FAE04EC0-301F-11D3-BF4B-00C04F79EFBC}") = "PracticalWork.Reports.Contracts", "src\PracticalWork.Reports.Contracts\PracticalWork.Reports.Contracts.csproj", "{AC04B1E2-AC7F-4DB0-9C7A-5C967B48F0EA}"
EndProject
Project("{FAE04EC0-301F-11D3-BF4B-00C04F79EFBC}") = "PracticalWork.Reports.Controllers", "src\PracticalWork.Reports.Controllers\PracticalWork.Reports.Controllers.csproj", "{9D47FD1E-8D8B-41FB-B826-AC0E83038233}"
EndProject
Project("{FAE04EC0-301F-11D3-BF4B-00C04F79EFBC}") = "PracticalWork.Reports.Data.Minio", "src\PracticalWork.Reports.Data.Minio\PracticalWork.Reports.Data.Minio.csproj", "{202B4E73-EE90-4A01-AEF5-12467B7306A0}"
EndProject
Project("{FAE04EC0-301F-11D3-BF4B-00C04F79EFBC}") = "PracticalWork.Reports.Data.PostgreSql", "src\PracticalWork.Reports.Data.PostgreSql\PracticalWork.Reports.Data.PostgreSql.csproj", "{F900D35C-76F0-4203-9ADE-902E1C03CFA8}"
EndProject
Project("{FAE04EC0-301F-11D3-BF4B-00C04F79EFBC}") = "PracticalWork.Reports.MessageBroker.RabbitMQ", "src\PracticalWork.Reports.MessageBroker.RabbitMQ\PracticalWork.Reports.MessageBroker.RabbitMQ.csproj", "{3A9FCEE0-2388-4DA4-AB1D-4EC3250204B1}"
EndProject
Project("{FAE04EC0-301F-11D3-BF4B-00C04F79EFBC}") = "PracticalWork.Reports.Web", "src\PracticalWork.Reports.Web\PracticalWork.Reports.Web.csproj", "{2E6923DC-A76D-40BD-92B8-103164C96371}"
EndProject
Global
	GlobalSection(SolutionConfigurationPlatforms) = preSolution
		Debug|Any CPU = Debug|Any CPU
		Debug|x64 = Debug|x64
		Debug|x86 = Debug|x86
		Release|Any CPU = Release|Any CPU
		Release|x64 = Release|x64
		Release|x86 = Release|x86
	EndGlobalSection
	GlobalSection(ProjectConfigurationPlatforms) = postSolution
		{9C6042AE-3313-484D-9918-28FB0C65AEFD}.Debug|Any CPU.ActiveCfg = Debug|Any CPU
		{9C6042AE-3313-484D-9918-28FB0C65AEFD}.Debug|Any CPU.Build.0 = Debug|Any CPU
		{9C6042AE-3313-484D-9918-28FB0C65AEFD}.Debug|x64.ActiveCfg = Debug|Any CPU
		{9C6042AE-3313-484D-9918-28FB0C65AEFD}.Debug|x64.Build.0 = Debug|Any CPU
		{9C6042AE-3313-484D-9918-28FB0C65AEFD}.Debug|x86.ActiveCfg = Debug|Any CPU
		{9C6042AE-3313-484D-9918-28FB0C65AEFD}.Debug|x86.Build.0 = Debug|Any CPU
		{9C6042AE-3313-484D-9918-28FB0C65AEFD}.Release|Any CPU.ActiveCfg = Release|Any CPU
		{9C6042AE-3313-484D-9918-28FB0C65AEFD}.Release|Any CPU.Build.0 = Release|Any CPU
		{9C6042AE-3313-484D-9918-28FB0C65AEFD}.Release|x64.ActiveCfg = Release|Any CPU
		{9C6042AE-3313-484D-9918-28FB0C65AEFD}.Release|x64.Build.0 = Release|Any CPU
		{9C6042AE-3313-484D-9918-28FB0C65AEFD}.Release|x86.ActiveCfg = Release|Any CPU
		{9C6042AE-3313-484D-9918-28FB0C65AEFD}.Release|x86.Build.0 = Release|Any CPU
		{2D3ED42B-B059-4C88-8359-70D3449AEFF4}.Debug|Any CPU.ActiveCfg = Debug|Any CPU
		{2D3ED42B-B059-4C88-8359-70D3449AEFF4}.Debug|Any CPU.Build.0 = Debug|Any CPU
		{2D3ED42B-B059-4C88-8359-70D3449AEFF4}.Debug|x64.ActiveCfg = Debug|Any CPU
		{2D3ED42B-B059-4C88-8359-70D3449AEFF4}.Debug|x64.Build.0 = Debug|Any CPU
		{2D3ED42B-B059-4C88-8359-70D3449AEFF4}.Debug|x86.ActiveCfg = Debug|Any CPU
		{2D3ED42B-B059-4C88-8359-70D3449AEFF4}.Debug|x86.Build.0 = Debug|Any CPU
		{2D3ED42B-B059-4C88-8359-70D3449AEFF4}.Release|Any CPU.ActiveCfg = Release|Any CPU
		{2D3ED42B-B059-4C88-8359-70D3449AEFF4}.Release|Any CPU.Build.0 = Release|Any CPU
		{2D3ED42B-B059-4C88-8359-70D3449AEFF4}.Release|x64.ActiveCfg = Release|Any CPU
		{2D3ED42B-B059-4C88-8359-70D3449AEFF4}.Release|x64.Build.0 = Release|Any CPU
		{2D3ED42B-B059-4C88-8359-70D3449AEFF4}.Release|x86.ActiveCfg = Release|Any CPU
		{2D3ED42B-B059-4C88-8359-70D3449AEFF4}.Release|x86.Build.0 = Release|Any CPU
		{43E52C90-4B44-4AC3-8D07-C6BCA3EB9821}.Debug|Any CPU.ActiveCfg = Debug|Any CPU
		{43E52C90-4B44-4AC3-8D07-C6BCA3EB9821}.Debug|Any CPU.Build.0 = Debug|Any CPU
		{43E52C90-4B44-4AC3-8D07-C6BCA3EB9821}.Debug|x64.ActiveCfg = Debug|Any CPU
		{43E52C90-4B44-4AC3-8D07-C6BCA3EB9821}.Debug|x64.Build.0 = Debug|Any CPU
		{43E52C90-4B44-4AC3-8D07-C6BCA3EB9821}.Debug|x86.ActiveCfg = Debug|Any CPU
		{43E52C90-4B44-4AC3-8D07-C6BCA3EB9821}.Debug|x86.Build.0 = Debug|Any CPU
		{43E52C90-4B44-4AC3-8D07-C6BCA3EB9821}.Release|Any CPU.ActiveCfg = Release|Any CPU
		{43E52C90-4B44-4AC3-8D07-C6BCA3EB9821}.Release|Any CPU.Build.0 = Release|Any CPU
		{43E52C90-4B44-4AC3-8D07-C6BCA3EB9821}.Release|x64.ActiveCfg = Release|Any CPU
		{43E52C90-4B44-4AC3-8D07-C6BCA3EB9821}.Release|x64.Build.0 = Release|Any CPU
		{43E52C90-4B44-4AC3-8D07-C6BCA3EB9821}.Release|x86.ActiveCfg = Release|Any CPU
		{43E52C90-4B44-4AC3-8D07-C6BCA3EB9821}.Release|x86.Build.0 = Release|Any CPU
		{14D2A192-C01B-4591-9D24-EFE4610C2FCC}.Debug|Any CPU.ActiveCfg = Debug|Any CPU
		{14D2A192-C01B-4591-9D24-EFE4610C2FCC}.Debug|Any CPU.Build.0 = Debug|Any CPU
		{14D2A192-C01B-4591-9D24-EFE4610C2FCC}.Debug|x64.ActiveCfg = Debug|Any CPU
		{14D2A192-C01B-4591-9D24-EFE4610C2FCC}.Debug|x64.Build.0 = Debug|Any CPU
		{14D2A192-C01B-4591-9D24-EFE4610C2FCC}.Debug|x86.ActiveCfg = Debug|Any CPU
		{14D2A192-C01B-4591-9D24-EFE4610C2FCC}.Debug|x86.Build.0 = Debug|Any CPU
		{14D2A192-C01B-4591-9D24-EFE4610C2FCC}.Release|Any CPU.ActiveCfg = Release|Any CPU
		{14D2A192-C01B-4591-9D24-EFE4610C2FCC}.Release|Any CPU.Build.0 = Release|Any CPU
		{14D2A192-C01B-4591-9D24-EFE4610C2FCC}.Release|x64.ActiveCfg = Release|Any CPU
		{14D2A192-C01B-4591-9D24-EFE4610C2FCC}.Release|x64.Build.0 = Release|Any CPU
		{14D2A192-C01B-4591-9D24-EFE4610C2FCC}.Release|x86.ActiveCfg = Release|Any CPU
		{14D2A192-C01B-4591-9D24-EFE4610C2FCC}.Release|x86.Build.0 = Release|Any CPU
		{B858E33C-8086-495E-903C-29E5D851D862}.Debug|Any CPU.ActiveCfg = Debug|Any CPU
		{B858E33C-8086-495E-903C-29E5D851D862}.Debug|Any CPU.Build.0 = Debug|Any CPU
		{B858E33C-8086-495E-903C-29E5D851D862}.Debug|x64.ActiveCfg = Debug|Any CPU
		{B858E33C-8086-495E-903C-29E5D851D862}.Debug|x64.Build.0 = Debug|Any CPU
		{B858E33C-8086-495E-903C-29E5D851D862}.Debug|x86.ActiveCfg = Debug|Any CPU
		{B858E33C-8086-495E-903C-29E5D851D862}.Debug|x86.Build.0 = Debug|Any CPU
		{B858E33C-8086-495E-903C-29E5D851D862}.Release|Any CPU.ActiveCfg = Release|Any CPU
		{B858E33C-8086-495E-903C-29E5D851D862}.Release|Any CPU.Build.0 = Release|Any CPU
		{B858E33C-8086-495E-903C-29E5D851D862}.Release|x64.ActiveCfg = Release|Any CPU
		{B858E33C-8086-495E-903C-29E5D851D862}.Release|x64.Build.0 = Release|Any CPU
		{B858E33C-8086-495E-903C-29E5D851D862}.Release|x86.ActiveCfg = Release|Any CPU
		{B858E33C-8086-495E-903C-29E5D851D862}.Release|x86.Build.0 = Release|Any CPU
		{89172AFB-8BE5-424C-BDC9-BD11910588B3}.Debug|Any CPU.ActiveCfg = Debug|Any CPU
		{89172AFB-8BE5-424C-BDC9-BD11910588B3}.Debug|Any CPU.Build.0 = Debug|Any CPU
		{89172AFB-8BE5-424C-BDC9-BD11910588B3}.Debug|x64.ActiveCfg = Debug|Any CPU
		{89172AFB-8BE5-424C-BDC9-BD11910588B3}.Debug|x64.Build.0 = Debug|Any CPU
		{89172AFB-8BE5-424C-BDC9-BD11910588B3}.Debug|x86.ActiveCfg = Debug|Any CPU
		{89172AFB-8BE5-424C-BDC9-BD11910588B3}.Debug|x86.Build.0 = Debug|Any CPU
		{89172AFB-8BE5-424C-BDC9-BD11910588B3}.Release|Any CPU.ActiveCfg = Release|Any CPU
		{89172AFB-8BE5-424C-BDC9-BD11910588B3}.Release|Any CPU.Build.0 = Release|Any CPU
		{89172AFB-8BE5-424C-BDC9-BD11910588B3}.Release|x64.ActiveCfg = Release|Any CPU
		{89172AFB-8BE5-424C-BDC9-BD11910588B3}.Release|x64.Build.0 = Release|Any CPU
		{89172AFB-8BE5-424C-BDC9-BD11910588B3}.Release|x86.ActiveCfg = Release|Any CPU
		{89172AFB-8BE5-424C-BDC9-BD11910588B3}.Release|x86.Build.0 = Release|Any CPU
		{049D739E-6948-41B4-9CD9-5EEDBC0AE7DB}.Debug|Any CPU.ActiveCfg = Debug|Any CPU
		{049D739E-6948-41B4-9CD9-5EEDBC0AE7DB}.Debug|Any CPU.Build.0 = Debug|Any CPU
		{049D739E-6948-41B4-9CD9-5EEDBC0AE7DB}.Debug|x64.ActiveCfg = Debug|Any CPU
		{049D739E-6948-41B4-9CD9-5EEDBC0AE7DB}.Debug|x64.Build.0 = Debug|Any CPU
		{049D739E-6948-41B4-9CD9-5EEDBC0AE7DB}.Debug|x86.ActiveCfg = Debug|Any CPU
		{049D739E-6948-41B4-9CD9-5EEDBC0AE7DB}.Debug|x86.Build.0 = Debug|Any CPU
		{049D739E-6948-41B4-9CD9-5EEDBC0AE7DB}.Release|Any CPU.ActiveCfg = Release|Any CPU
		{049D739E-6948-41B4-9CD9-5EEDBC0AE7DB}.Release|Any CPU.Build.0 = Release|Any CPU
		{049D739E-6948-41B4-9CD9-5EEDBC0AE7DB}.Release|x64.ActiveCfg = Release|Any CPU
		{049D739E-6948-41B4-9CD9-5EEDBC0AE7DB}.Release|x64.Build.0 = Release|Any CPU
		{049D739E-6948-41B4-9CD9-5EEDBC0AE7DB}.Release|x86.ActiveCfg = Release|Any CPU
		{049D739E-6948-41B4-9CD9-5EEDBC0AE7DB}.Release|x86.Build.0 = Release|Any CPU
		{C340B6F8-F230-A5B4-337D-6191E887F844}.Debug|Any CPU.ActiveCfg = Debug|Any CPU
		{C340B6F8-F230-A5B4-337D-6191E887F844}.Debug|Any CPU.Build.0 = Debug|Any CPU
		{C340B6F8-F230-A5B4-337D-6191E887F844}.Debug|x64.ActiveCfg = Debug|Any CPU
		{C340B6F8-F230-A5B4-337D-6191E887F844}.Debug|x64.Build.0 = Debug|Any CPU
		{C340B6F8-F230-A5B4-337D-6191E887F844}.Debug|x86.ActiveCfg = Debug|Any CPU
		{C340B6F8-F230-A5B4-337D-6191E887F844}.Debug|x86.Build.0 = Debug|Any CPU
		{C340B6F8-F230-A5B4-337D-6191E887F844}.Release|Any CPU.ActiveCfg = Release|Any CPU
		{C340B6F8-F230-A5B4-337D-6191E887F844}.Release|Any CPU.Build.0 = Release|Any CPU
		{C340B6F8-F230-A5B4-337D-6191E887F844}.Release|x64.ActiveCfg = Release|Any CPU
		{C340B6F8-F230-A5B4-337D-6191E887F844}.Release|x64.Build.0 = Release|Any CPU
		{C340B6F8-F230-A5B4-337D-6191E887F844}.Release|x86.ActiveCfg = Release|Any CPU
		{C340B6F8-F230-A5B4-337D-6191E887F844}.Release|x86.Build.0 = Release|Any CPU
		{CC1CF0CF-D419-4C6A-A8DD-5C6ABF49D9A5}.Debug|Any CPU.ActiveCfg = Debug|Any CPU
		{CC1CF0CF-D419-4C6A-A8DD-5C6ABF49D9A5}.Debug|Any CPU.Build.0 = Debug|Any CPU
		{CC1CF0CF-D419-4C6A-A8DD-5C6ABF49D9A5}.Debug|x64.ActiveCfg = Debug|Any CPU
		{CC1CF0CF-D419-4C6A-A8DD-5C6ABF49D9A5}.Debug|x64.Build.0 = Debug|Any CPU
		{CC1CF0CF-D419-4C6A-A8DD-5C6ABF49D9A5}.Debug|x86.ActiveCfg = Debug|Any CPU
		{CC1CF0CF-D419-4C6A-A8DD-5C6ABF49D9A5}.Debug|x86.Build.0 = Debug|Any CPU
		{CC1CF0CF-D419-4C6A-A8DD-5C6ABF49D9A5}.Release|Any CPU.ActiveCfg = Release|Any CPU
		{CC1CF0CF-D419-4C6A-A8DD-5C6ABF49D9A5}.Release|Any CPU.Build.0 = Release|Any CPU
		{CC1CF0CF-D419-4C6A-A8DD-5C6ABF49D9A5}.Release|x64.ActiveCfg = Release|Any CPU
		{CC1CF0CF-D419-4C6A-A8DD-5C6ABF49D9A5}.Release|x64.Build.0 = Release|Any CPU
		{CC1CF0CF-D419-4C6A-A8DD-5C6ABF49D9A5}.Release|x86.ActiveCfg = Release|Any CPU
		{CC1CF0CF-D419-4C6A-A8DD-5C6ABF49D9A5}.Release|x86.Build.0 = Release|Any CPU
		{A93ADD57-383B-4445-8DFF-6A637B571099}.Debug|Any CPU.ActiveCfg = Debug|Any CPU
		{A93ADD57-383B-4445-8DFF-6A637B571099}.Debug|Any CPU.Build.0 = Debug|Any CPU
		{A93ADD57-383B-4445-8DFF-6A637B571099}.Debug|x64.ActiveCfg = Debug|Any CPU
		{A93ADD57-383B-4445-8DFF-6A637B571099}.Debug|x64.Build.0 = Debug|Any CPU
		{A93ADD57-383B-4445-8DFF-6A637B571099}.Debug|x86.ActiveCfg = Debug|Any CPU
		{A93ADD57-383B-4445-8DFF-6A637B571099}.Debug|x86.Build.0 = Debug|Any CPU
		{A93ADD57-383B-4445-8DFF-6A637B571099}.Release|Any CPU.ActiveCfg = Release|Any CPU
		{A93ADD57-383B-4445-8DFF-6A637B571099}.Release|Any CPU.Build.0 = Release|Any CPU
		{A93ADD57-383B-4445-8DFF-6A637B571099}.Release|x64.ActiveCfg = Release|Any CPU
		{A93ADD57-383B-4445-8DFF-6A637B571099}.Release|x64.Build.0 = Release|Any CPU
		{A93ADD57-383B-4445-8DFF-6A637B571099}.Release|x86.ActiveCfg = Release|Any CPU
		{A93ADD57-383B-4445-8DFF-6A637B571099}.Release|x86.Build.0 = Release|Any CPU
		{E70E7E1E-6CF3-4969-BAF9-C354100748E7}.Debug|Any CPU.ActiveCfg = Debug|Any CPU
		{E70E7E1E-6CF3-4969-BAF9-C354100748E7}.Debug|Any CPU.Build.0 = Debug|Any CPU
		{E70E7E1E-6CF3-4969-BAF9-C354100748E7}.Debug|x64.ActiveCfg = Debug|Any CPU
		{E70E7E1E-6CF3-4969-BAF9-C354100748E7}.Debug|x64.Build.0 = Debug|Any CPU
		{E70E7E1E-6CF3-4969-BAF9-C354100748E7}.Debug|x86.ActiveCfg = Debug|Any CPU
		{E70E7E1E-6CF3-4969-BAF9-C354100748E7}.Debug|x86.Build.0 = Debug|Any CPU
		{E70E7E1E-6CF3-4969-BAF9-C354100748E7}.Release|Any CPU.ActiveCfg = Release|Any CPU
		{E70E7E1E-6CF3-4969-BAF9-C354100748E7}.Release|Any CPU.Build.0 = Release|Any CPU
		{E70E7E1E-6CF3-4969-BAF9-C354100748E7}.Release|x64.ActiveCfg = Release|Any CPU
		{E70E7E1E-6CF3-4969-BAF9-C354100748E7}.Release|x64.Build.0 = Release|Any CPU
		{E70E7E1E-6CF3-4969-BAF9-C354100748E7}.Release|x86.ActiveCfg = Release|Any CPU
		{E70E7E1E-6CF3-4969-BAF9-C354100748E7}.Release|x86.Build.0 = Release|Any CPU
		{AC04B1E2-AC7F-4DB0-9C7A-5C967B48F0EA}.Debug|Any CPU.ActiveCfg = Debug|Any CPU
		{AC04B1E2-AC7F-4DB0-9C7A-5C967B48F0EA}.Debug|Any CPU.Build.0 = Debug|Any CPU
		{AC04B1E2-AC7F-4DB0-9C7A-5C967B48F0EA}.Debug|x64.ActiveCfg = Debug|Any CPU
		{AC04B1E2-AC7F-4DB0-9C7A-5C967B48F0EA}.Debug|x64.Build.0 = Debug|Any CPU
		{AC04B1E2-AC7F-4DB0-9C7A-5C967B48F0EA}.Debug|x86.ActiveCfg = Debug|Any CPU
		{AC04B1E2-AC7F-4DB0-9C7A-5C967B48F0EA}.Debug|x86.Build.0 = Debug|Any CPU
		{AC04B1E2-AC7F-4DB0-9C7A-5C967B48F0EA}.Release|Any CPU.ActiveCfg = Release|Any CPU
		{AC04B1E2-AC7F-4DB0-9C7A-5C967B48F0EA}.Release|Any CPU.Build.0 = Release|Any CPU
		{AC04B1E2-AC7F-4DB0-9C7A-5C967B48F0EA}.Release|x64.ActiveCfg = Release|Any CPU
		{AC04B1E2-AC7F-4DB0-9C7A-5C967B48F0EA}.Release|x64.Build.0 = Release|Any CPU
		{AC04B1E2-AC7F-4DB0-9C7A-5C967B48F0EA}.Release|x86.ActiveCfg = Release|Any CPU
		{AC04B1E2-AC7F-4DB0-9C7A-5C967B48F0EA}.Release|x86.Build.0 = Release|Any CPU
		{9D47FD1E-8D8B-41FB-B826-AC0E83038233}.Debug|Any CPU.ActiveCfg = Debug|Any CPU
		{9D47FD1E-8D8B-41FB-B826-AC0E83038233}.Debug|Any CPU.Build.0 = Debug|Any CPU
		{9D47FD1E-8D8B-41FB-B826-AC0E83038233}.Debug|x64.ActiveCfg = Debug|Any CPU
		{9D47FD1E-8D8B-41FB-B826-AC0E83038233}.Debug|x64.Build.0 = Debug|Any CPU
		{9D47FD1E-8D8B-41FB-B826-AC0E83038233}.Debug|x86.ActiveCfg = Debug|Any CPU
		{9D47FD1E-8D8B-41FB-B826-AC0E83038233}.Debug|x86.Build.0 = Debug|Any CPU
		{9D47FD1E-8D8B-41FB-B826-AC0E83038233}.Release|Any CPU.ActiveCfg = Release|Any CPU
		{9D47FD1E-8D8B-41FB-B826-AC0E83038233}.Release|Any CPU.Build.0 = Release|Any CPU
		{9D47FD1E-8D8B-41FB-B826-AC0E83038233}.Release|x64.ActiveCfg = Release|Any CPU
		{9D47FD1E-8D8B-41FB-B826-AC0E83038233}.Release|x64.Build.0 = Release|Any CPU
		{9D47FD1E-8D8B-41FB-B826-AC0E83038233}.Release|x86.ActiveCfg = Release|Any CPU
		{9D47FD1E-8D8B-41FB-B826-AC0E83038233}.Release|x86.Build.0 = Release|Any CPU
		{202B4E73-EE90-4A01-AEF5-12467B7306A0}.Debug|Any CPU.ActiveCfg = Debug|Any CPU
		{202B4E73-EE90-4A01-AEF5-12467B7306A0}.Debug|Any CPU.Build.0 = Debug|Any CPU
		{202B4E73-EE90-4A01-AEF5-12467B7306A0}.Debug|x64.ActiveCfg = Debug|Any CPU
		{202B4E73-EE90-4A01-AEF5-12467B7306A0}.Debug|x64.Build.0 = Debug|Any CPU
		{202B4E73-EE90-4A01-AEF5-12467B7306A0}.Debug|x86.ActiveCfg = Debug|Any CPU
		{202B4E73-EE90-4A01-AEF5-12467B7306A0}.Debug|x86.Build.0 = Debug|Any CPU
		{202B4E73-EE90-4A01-AEF5-12467B7306A0}.Release|Any CPU.ActiveCfg = Release|Any CPU
		{202B4E73-EE90-4A01-AEF5-12467B7306A0}.Release|Any CPU.Build.0 = Release|Any CPU
		{202B4E73-EE90-4A01-AEF5-12467B7306A0}.Release|x64.ActiveCfg = Release|Any CPU
		{202B4E73-EE90-4A01-AEF5-12467B7306A0}.Release|x64.Build.0 = Release|Any CPU
		{202B4E73-EE90-4A01-AEF5-12467B7306A0}.Release|x86.ActiveCfg = Release|Any CPU
		{202B4E73-EE90-4A01-AEF5-12467B7306A0}.Release|x86.Build.0 = Release|Any CPU
		{F900D35C-76F0-4203-9ADE-902E1C03CFA8}.Debug|Any CPU.ActiveCfg = Debug|Any CPU
		{F900D35C-76F0-4203-9ADE-902E1C03CFA8}.Debug|Any CPU.Build.0 = Debug|Any CPU
		{F900D35C-76F0-4203-9ADE-902E1C03CFA8}.Debug|x64.ActiveCfg = Debug|Any CPU
		{F900D35C-76F0-4203-9ADE-902E1C03CFA8}.Debug|x64.Build.0 = Debug|Any CPU
		{F900D35C-76F0-4203-9ADE-902E1C03CFA8}.Debug|x86.ActiveCfg = Debug|Any CPU
		{F900D35C-76F0-4203-9ADE-902E1C03CFA8}.Debug|x86.Build.0 = Debug|Any CPU
		{F900D35C-76F0-4203-9ADE-902E1C03CFA8}.Release|Any CPU.ActiveCfg = Release|Any CPU
		{F900D35C-76F0-4203-9ADE-902E1C03CFA8}.Release|Any CPU.Build.0 = Release|Any CPU
		{F900D35C-76F0-4203-9ADE-902E1C03CFA8}.Release|x64.ActiveCfg = Release|Any CPU
		{F900D35C-76F0-4203-9ADE-902E1C03CFA8}.Release|x64.Build.0 = Release|Any CPU
		{F900D35C-76F0-4203-9ADE-902E1C03CFA8}.Release|x86.ActiveCfg = Release|Any CPU
		{F900D35C-76F0-4203-9ADE-902E1C03CFA8}.Release|x86.Build.0 = Release|Any CPU
		{3A9FCEE0-2388-4DA4-AB1D-4EC3250204B1}.Debug|Any CPU.ActiveCfg = Debug|Any CPU
		{3A9FCEE0-2388-4DA4-AB1D-4EC3250204B1}.Debug|Any CPU.Build.0 = Debug|Any CPU
		{3A9FCEE0-2388-4DA4-AB1D-4EC3250204B1}.Debug|x64.ActiveCfg = Debug|Any CPU
		{3A9FCEE0-2388-4DA4-AB1D-4EC3250204B1}.Debug|x64.Build.0 = Debug|Any CPU
		{3A9FCEE0-2388-4DA4-AB1D-4EC3250204B1}.Debug|x86.ActiveCfg = Debug|Any CPU
		{3A9FCEE0-2388-4DA4-AB1D-4EC3250204B1}.Debug|x86.Build.0 = Debug|Any CPU
		{3A9FCEE0-2388-4DA4-AB1D-4EC3250204B1}.Release|Any CPU.ActiveCfg = Release|Any CPU
		{3A9FCEE0-2388-4DA4-AB1D-4EC3250204B1}.Release|Any CPU.Build.0 = Release|Any CPU
		{3A9FCEE0-2388-4DA4-AB1D-4EC3250204B1}.Release|x64.ActiveCfg = Release|Any CPU
		{3A9FCEE0-2388-4DA4-AB1D-4EC3250204B1}.Release|x64.Build.0 = Release|Any CPU
		{3A9FCEE0-2388-4DA4-AB1D-4EC3250204B1}.Release|x86.ActiveCfg = Release|Any CPU
		{3A9FCEE0-2388-4DA4-AB1D-4EC3250204B1}.Release|x86.Build.0 = Release|Any CPU
		{2E6923DC-A76D-40BD-92B8-103164C96371}.Debug|Any CPU.ActiveCfg = Debug|Any CPU
		{2E6923DC-A76D-40BD-92B8-103164C96371}.Debug|Any CPU.Build.0 = Debug|Any CPU
		{2E6923DC-A76D-40BD-92B8-103164C96371}.Debug|x64.ActiveCfg = Debug|Any CPU
		{2E6923DC-A76D-40BD-92B8-103164C96371}.Debug|x64.Build.0 = Debug|Any CPU
		{2E6923DC-A76D-40BD-92B8-103164C96371}.Debug|x86.ActiveCfg = Debug|Any CPU
		{2E6923DC-A76D-40BD-92B8-103164C96371}.Debug|x86.Build.0 = Debug|Any CPU
		{2E6923DC-A76D-40BD-92B8-103164C96371}.Release|Any CPU.ActiveCfg = Release|Any CPU
		{2E6923DC-A76D-40BD-92B8-103164C96371}.Release|Any CPU.Build.0 = Release|Any CPU
		{2E6923DC-A76D-40BD-92B8-103164C96371}.Release|x64.ActiveCfg = Release|Any CPU
		{2E6923DC-A76D-40BD-92B8-103164C96371}.Release|x64.Build.0 = Release|Any CPU
		{2E6923DC-A76D-40BD-92B8-103164C96371}.Release|x86.ActiveCfg = Release|Any CPU
		{2E6923DC-A76D-40BD-92B8-103164C96371}.Release|x86.Build.0 = Release|Any CPU
	EndGlobalSection
	GlobalSection(SolutionProperties) = preSolution
		HideSolutionNode = FALSE
	EndGlobalSection
	GlobalSection(NestedProjects) = preSolution
		{9C6042AE-3313-484D-9918-28FB0C65AEFD} = {7E366027-D18D-45C9-928C-D527C6271DC9}
		{2D3ED42B-B059-4C88-8359-70D3449AEFF4} = {7E366027-D18D-45C9-928C-D527C6271DC9}
		{5EF1ADE2-5A1C-434E-83B7-32EFF5DF0A11} = {7E366027-D18D-45C9-928C-D527C6271DC9}
		{43E52C90-4B44-4AC3-8D07-C6BCA3EB9821} = {5EF1ADE2-5A1C-434E-83B7-32EFF5DF0A11}
		{14D2A192-C01B-4591-9D24-EFE4610C2FCC} = {999738E3-D5B8-457F-A6E7-B17B77E400C6}
		{B858E33C-8086-495E-903C-29E5D851D862} = {7E366027-D18D-45C9-928C-D527C6271DC9}
		{89172AFB-8BE5-424C-BDC9-BD11910588B3} = {7E366027-D18D-45C9-928C-D527C6271DC9}
		{049D739E-6948-41B4-9CD9-5EEDBC0AE7DB} = {5EF1ADE2-5A1C-434E-83B7-32EFF5DF0A11}
		{C340B6F8-F230-A5B4-337D-6191E887F844} = {5EF1ADE2-5A1C-434E-83B7-32EFF5DF0A11}
		{CC1CF0CF-D419-4C6A-A8DD-5C6ABF49D9A5} = {7E366027-D18D-45C9-928C-D527C6271DC9}
		{A93ADD57-383B-4445-8DFF-6A637B571099} = {7E366027-D18D-45C9-928C-D527C6271DC9}
		{E70E7E1E-6CF3-4969-BAF9-C354100748E7} = {7E366027-D18D-45C9-928C-D527C6271DC9}
		{AC04B1E2-AC7F-4DB0-9C7A-5C967B48F0EA} = {7E366027-D18D-45C9-928C-D527C6271DC9}
		{9D47FD1E-8D8B-41FB-B826-AC0E83038233} = {7E366027-D18D-45C9-928C-D527C6271DC9}
		{202B4E73-EE90-4A01-AEF5-12467B7306A0} = {7E366027-D18D-45C9-928C-D527C6271DC9}
		{F900D35C-76F0-4203-9ADE-902E1C03CFA8} = {7E366027-D18D-45C9-928C-D527C6271DC9}
		{3A9FCEE0-2388-4DA4-AB1D-4EC3250204B1} = {7E366027-D18D-45C9-928C-D527C6271DC9}
		{2E6923DC-A76D-40BD-92B8-103164C96371} = {7E366027-D18D-45C9-928C-D527C6271DC9}
	EndGlobalSection
	GlobalSection(ExtensibilityGlobals) = postSolution
		SolutionGuid = {C42A2C9B-25DC-4CF3-8FF1-E3CE64B080D6}
	EndGlobalSection
EndGlobal
